{
  "version": 4,
  "terraform_version": "1.12.1",
  "serial": 1,
  "lineage": "79b4ad50-fcd6-eb5c-49f7-0abe2bcc4558",
  "outputs": {
    "file_path": {
      "value": "./output-demo.txt",
      "type": "string"
    }
  },
  "resources": [
    {
      "mode": "managed",
      "type": "local_file",
      "name": "example",
      "provider": "provider[\"registry.terraform.io/hashicorp/local\"]",
      "instances": [
        {
          "schema_version": 0,
          "attributes": {
            "content": "Generated file with secret: Demo",
            "content_base64": null,
            "content_base64sha256": "JN3hq8anYioXyrrXv7cYEClc1RR8846qgRVKkYALIFA=",
            "content_base64sha512": "pRrDZamTL3EC5rpACtZrtEwgVGCA31VuheqZwgQmVaZePTYAtHMkdMf7JluiIDSwNQHK8qmfTGM+T4pTvOjD+A==",
            "content_md5": "7676b81dc3c9f2bf12e86eccfe7e99ee",
            "content_sha1": "0bc3e220c4446656cea42f4c1938ef0d7c000477",
            "content_sha256": "24dde1abc6a7622a17cabad7bfb71810295cd5147cf38eaa81154a91800b2050",
            "content_sha512": "a51ac365a9932f7102e6ba400ad66bb44c20546080df556e85ea99c2042655a65e3d3600b4732474c7fb265ba22034b03501caf2a99f4c633e4f8a53bce8c3f8",
            "directory_permission": "0777",
            "file_permission": "0777",
            "filename": "./output-demo.txt",
            "id": "0bc3e220c4446656cea42f4c1938ef0d7c000477",
            "sensitive_content": null,
            "source": null
          },
          "sensitive_attributes": [
            [
              {
                "type": "get_attr",
                "value": "sensitive_content"
              }
            ]
          ],
          "identity_schema_version": 0
        }
      ]
    }
  ],
  "check_results": null
}
